
Microsoft Visual Studio Solution File, Format Version 12.00
# Visual Studio Version 17
VisualStudioVersion = 17.4.33403.182
MinimumVisualStudioVersion = 10.0.40219.1
Project("{FAE04EC0-301F-11D3-BF4B-00C04F79EFBC}") = "ConsoleAppJobs", "ConsoleApplication\ConsoleAppJobs.csproj", "{78320284-F802-4B4C-930E-698247EC1DFC}"
EndProject
Project("{2150E333-8FDC-42A3-9474-1A3956D46DE8}") = "Jobs", "Jobs", "{6B0C52C9-CDAE-408A-ACC9-0B2E9F92896E}"
EndProject
Global
	GlobalSection(SolutionConfigurationPlatforms) = preSolution
		Debug|Any CPU = Debug|Any CPU
		Release|Any CPU = Release|Any CPU
	EndGlobalSection
	GlobalSection(ProjectConfigurationPlatforms) = postSolution
		{78320284-F802-4B4C-930E-698247EC1DFC}.Debug|Any CPU.ActiveCfg = Debug|Any CPU
		{78320284-F802-4B4C-930E-698247EC1DFC}.Debug|Any CPU.Build.0 = Debug|Any CPU
		{78320284-F802-4B4C-930E-698247EC1DFC}.Release|Any CPU.ActiveCfg = Release|Any CPU
		{78320284-F802-4B4C-930E-698247EC1DFC}.Release|Any CPU.Build.0 = Release|Any CPU
	EndGlobalSection
	GlobalSection(SolutionProperties) = preSolution
		HideSolutionNode = FALSE
	EndGlobalSection
	GlobalSection(NestedProjects) = preSolution
		{78320284-F802-4B4C-930E-698247EC1DFC} = {6B0C52C9-CDAE-408A-ACC9-0B2E9F92896E}
	EndGlobalSection
	GlobalSection(ExtensibilityGlobals) = postSolution
		SolutionGuid = {F7B062AB-5354-4776-98CC-BDC77158FD57}
	EndGlobalSection
EndGlobal
